
Microsoft Visual Studio Solution File, Format Version 12.00
# Visual Studio Version 16
VisualStudioVersion = 16.0.29326.143
MinimumVisualStudioVersion = 10.0.40219.1
Project("{2150E333-8FDC-42A3-9474-1A3956D46DE8}") = "store", "store", "{48818163-39C8-4292-84AA-84B8FC998A64}"
EndProject
Project("{9A19103F-16F7-4668-BE54-9A1E7A4F7556}") = "Store.Abstraction", "Store.Abstraction\Store.Abstraction.csproj", "{C13E701B-E7C5-45AA-B218-9115EB2FB9B3}"
EndProject
Project("{9A19103F-16F7-4668-BE54-9A1E7A4F7556}") = "Store.Mongo", "Store.Mongo\Store.Mongo.csproj", "{89C301B0-E269-4693-B826-BC9F0AE812E3}"
EndProject
Project("{9A19103F-16F7-4668-BE54-9A1E7A4F7556}") = "Session", "Session\Session.csproj", "{5CE2E8A9-0294-4490-B481-77C4B315F6E2}"
EndProject
Project("{9A19103F-16F7-4668-BE54-9A1E7A4F7556}") = "Validation.FluentValidator", "Validation.FluentValidator\Validation.FluentValidator.csproj", "{B278BDD6-D47E-43A3-9C53-D58DAC0AB77B}"
EndProject
Project("{9A19103F-16F7-4668-BE54-9A1E7A4F7556}") = "CoolBrains", "CoolBrains\CoolBrains.csproj", "{4AC1FF5E-E850-43A4-98C4-9A3FCA605F96}"
EndProject
Project("{2150E333-8FDC-42A3-9474-1A3956D46DE8}") = "sample", "sample", "{66684763-8519-44F1-ABA6-6E9BAB4111E0}"
EndProject
Project("{9A19103F-16F7-4668-BE54-9A1E7A4F7556}") = "SingleHostedServer", "..\sample\SingleHostedServer\SingleHostedServer.csproj", "{13B7BDBE-2C7D-477E-AF7E-E1918B3682A6}"
EndProject
Project("{FAE04EC0-301F-11D3-BF4B-00C04F79EFBC}") = "CoolBrains.Bus.RabbitMQ", "CoolBrains.Bus.RabbitMQ\CoolBrains.Bus.RabbitMQ.csproj", "{1AA38584-E32F-4C08-9148-430C1F8B4C90}"
EndProject
Global
	GlobalSection(SolutionConfigurationPlatforms) = preSolution
		Debug|Any CPU = Debug|Any CPU
		Release|Any CPU = Release|Any CPU
	EndGlobalSection
	GlobalSection(ProjectConfigurationPlatforms) = postSolution
		{C13E701B-E7C5-45AA-B218-9115EB2FB9B3}.Debug|Any CPU.ActiveCfg = Debug|Any CPU
		{C13E701B-E7C5-45AA-B218-9115EB2FB9B3}.Debug|Any CPU.Build.0 = Debug|Any CPU
		{C13E701B-E7C5-45AA-B218-9115EB2FB9B3}.Release|Any CPU.ActiveCfg = Release|Any CPU
		{C13E701B-E7C5-45AA-B218-9115EB2FB9B3}.Release|Any CPU.Build.0 = Release|Any CPU
		{89C301B0-E269-4693-B826-BC9F0AE812E3}.Debug|Any CPU.ActiveCfg = Debug|Any CPU
		{89C301B0-E269-4693-B826-BC9F0AE812E3}.Debug|Any CPU.Build.0 = Debug|Any CPU
		{89C301B0-E269-4693-B826-BC9F0AE812E3}.Release|Any CPU.ActiveCfg = Release|Any CPU
		{89C301B0-E269-4693-B826-BC9F0AE812E3}.Release|Any CPU.Build.0 = Release|Any CPU
		{5CE2E8A9-0294-4490-B481-77C4B315F6E2}.Debug|Any CPU.ActiveCfg = Debug|Any CPU
		{5CE2E8A9-0294-4490-B481-77C4B315F6E2}.Debug|Any CPU.Build.0 = Debug|Any CPU
		{5CE2E8A9-0294-4490-B481-77C4B315F6E2}.Release|Any CPU.ActiveCfg = Release|Any CPU
		{5CE2E8A9-0294-4490-B481-77C4B315F6E2}.Release|Any CPU.Build.0 = Release|Any CPU
		{B278BDD6-D47E-43A3-9C53-D58DAC0AB77B}.Debug|Any CPU.ActiveCfg = Debug|Any CPU
		{B278BDD6-D47E-43A3-9C53-D58DAC0AB77B}.Debug|Any CPU.Build.0 = Debug|Any CPU
		{B278BDD6-D47E-43A3-9C53-D58DAC0AB77B}.Release|Any CPU.ActiveCfg = Release|Any CPU
		{B278BDD6-D47E-43A3-9C53-D58DAC0AB77B}.Release|Any CPU.Build.0 = Release|Any CPU
		{4AC1FF5E-E850-43A4-98C4-9A3FCA605F96}.Debug|Any CPU.ActiveCfg = Debug|Any CPU
		{4AC1FF5E-E850-43A4-98C4-9A3FCA605F96}.Debug|Any CPU.Build.0 = Debug|Any CPU
		{4AC1FF5E-E850-43A4-98C4-9A3FCA605F96}.Release|Any CPU.ActiveCfg = Release|Any CPU
		{4AC1FF5E-E850-43A4-98C4-9A3FCA605F96}.Release|Any CPU.Build.0 = Release|Any CPU
		{13B7BDBE-2C7D-477E-AF7E-E1918B3682A6}.Debug|Any CPU.ActiveCfg = Debug|Any CPU
		{13B7BDBE-2C7D-477E-AF7E-E1918B3682A6}.Debug|Any CPU.Build.0 = Debug|Any CPU
		{13B7BDBE-2C7D-477E-AF7E-E1918B3682A6}.Release|Any CPU.ActiveCfg = Release|Any CPU
		{13B7BDBE-2C7D-477E-AF7E-E1918B3682A6}.Release|Any CPU.Build.0 = Release|Any CPU
		{1AA38584-E32F-4C08-9148-430C1F8B4C90}.Debug|Any CPU.ActiveCfg = Debug|Any CPU
		{1AA38584-E32F-4C08-9148-430C1F8B4C90}.Debug|Any CPU.Build.0 = Debug|Any CPU
		{1AA38584-E32F-4C08-9148-430C1F8B4C90}.Release|Any CPU.ActiveCfg = Release|Any CPU
		{1AA38584-E32F-4C08-9148-430C1F8B4C90}.Release|Any CPU.Build.0 = Release|Any CPU
	EndGlobalSection
	GlobalSection(SolutionProperties) = preSolution
		HideSolutionNode = FALSE
	EndGlobalSection
	GlobalSection(NestedProjects) = preSolution
		{C13E701B-E7C5-45AA-B218-9115EB2FB9B3} = {48818163-39C8-4292-84AA-84B8FC998A64}
		{89C301B0-E269-4693-B826-BC9F0AE812E3} = {48818163-39C8-4292-84AA-84B8FC998A64}
		{13B7BDBE-2C7D-477E-AF7E-E1918B3682A6} = {66684763-8519-44F1-ABA6-6E9BAB4111E0}
	EndGlobalSection
	GlobalSection(ExtensibilityGlobals) = postSolution
		SolutionGuid = {215058AF-7F3A-476E-9215-4E765FEE680B}
	EndGlobalSection
EndGlobal
