
Microsoft Visual Studio Solution File, Format Version 12.00
# Visual Studio Version 16
VisualStudioVersion = 16.0.29326.143
MinimumVisualStudioVersion = 10.0.40219.1
Project("{9A19103F-16F7-4668-BE54-9A1E7A4F7556}") = "Exceptions", "Exceptions\Exceptions.csproj", "{057EFF96-C08B-45A5-B44F-09F423DA65F1}"
EndProject
Project("{9A19103F-16F7-4668-BE54-9A1E7A4F7556}") = "Domain", "Domain\Domain.csproj", "{23EB0F58-B3B1-4583-961B-A07D20EA189C}"
EndProject
Project("{2150E333-8FDC-42A3-9474-1A3956D46DE8}") = "store", "store", "{48818163-39C8-4292-84AA-84B8FC998A64}"
EndProject
Project("{FAE04EC0-301F-11D3-BF4B-00C04F79EFBC}") = "Store.Abstraction", "Store.Abstraction\Store.Abstraction.csproj", "{C13E701B-E7C5-45AA-B218-9115EB2FB9B3}"
EndProject
Project("{FAE04EC0-301F-11D3-BF4B-00C04F79EFBC}") = "Events", "Events\Events.csproj", "{122B5D79-5AA8-474E-A6B4-E7A3B92D9D7B}"
EndProject
Project("{FAE04EC0-301F-11D3-BF4B-00C04F79EFBC}") = "Store.Mongo", "Store.Mongo\Store.Mongo.csproj", "{89C301B0-E269-4693-B826-BC9F0AE812E3}"
EndProject
Global
	GlobalSection(SolutionConfigurationPlatforms) = preSolution
		Debug|Any CPU = Debug|Any CPU
		Release|Any CPU = Release|Any CPU
	EndGlobalSection
	GlobalSection(ProjectConfigurationPlatforms) = postSolution
		{057EFF96-C08B-45A5-B44F-09F423DA65F1}.Debug|Any CPU.ActiveCfg = Debug|Any CPU
		{057EFF96-C08B-45A5-B44F-09F423DA65F1}.Debug|Any CPU.Build.0 = Debug|Any CPU
		{057EFF96-C08B-45A5-B44F-09F423DA65F1}.Release|Any CPU.ActiveCfg = Release|Any CPU
		{057EFF96-C08B-45A5-B44F-09F423DA65F1}.Release|Any CPU.Build.0 = Release|Any CPU
		{23EB0F58-B3B1-4583-961B-A07D20EA189C}.Debug|Any CPU.ActiveCfg = Debug|Any CPU
		{23EB0F58-B3B1-4583-961B-A07D20EA189C}.Debug|Any CPU.Build.0 = Debug|Any CPU
		{23EB0F58-B3B1-4583-961B-A07D20EA189C}.Release|Any CPU.ActiveCfg = Release|Any CPU
		{23EB0F58-B3B1-4583-961B-A07D20EA189C}.Release|Any CPU.Build.0 = Release|Any CPU
		{C13E701B-E7C5-45AA-B218-9115EB2FB9B3}.Debug|Any CPU.ActiveCfg = Debug|Any CPU
		{C13E701B-E7C5-45AA-B218-9115EB2FB9B3}.Debug|Any CPU.Build.0 = Debug|Any CPU
		{C13E701B-E7C5-45AA-B218-9115EB2FB9B3}.Release|Any CPU.ActiveCfg = Release|Any CPU
		{C13E701B-E7C5-45AA-B218-9115EB2FB9B3}.Release|Any CPU.Build.0 = Release|Any CPU
		{122B5D79-5AA8-474E-A6B4-E7A3B92D9D7B}.Debug|Any CPU.ActiveCfg = Debug|Any CPU
		{122B5D79-5AA8-474E-A6B4-E7A3B92D9D7B}.Debug|Any CPU.Build.0 = Debug|Any CPU
		{122B5D79-5AA8-474E-A6B4-E7A3B92D9D7B}.Release|Any CPU.ActiveCfg = Release|Any CPU
		{122B5D79-5AA8-474E-A6B4-E7A3B92D9D7B}.Release|Any CPU.Build.0 = Release|Any CPU
		{89C301B0-E269-4693-B826-BC9F0AE812E3}.Debug|Any CPU.ActiveCfg = Debug|Any CPU
		{89C301B0-E269-4693-B826-BC9F0AE812E3}.Debug|Any CPU.Build.0 = Debug|Any CPU
		{89C301B0-E269-4693-B826-BC9F0AE812E3}.Release|Any CPU.ActiveCfg = Release|Any CPU
		{89C301B0-E269-4693-B826-BC9F0AE812E3}.Release|Any CPU.Build.0 = Release|Any CPU
	EndGlobalSection
	GlobalSection(SolutionProperties) = preSolution
		HideSolutionNode = FALSE
	EndGlobalSection
	GlobalSection(NestedProjects) = preSolution
		{C13E701B-E7C5-45AA-B218-9115EB2FB9B3} = {48818163-39C8-4292-84AA-84B8FC998A64}
		{89C301B0-E269-4693-B826-BC9F0AE812E3} = {48818163-39C8-4292-84AA-84B8FC998A64}
	EndGlobalSection
	GlobalSection(ExtensibilityGlobals) = postSolution
		SolutionGuid = {215058AF-7F3A-476E-9215-4E765FEE680B}
	EndGlobalSection
EndGlobal
